{
  "lockfileVersion": 1,
  "configVersion": 1,
  "workspaces": {
    "": {
      "name": "example-bun-monorepo",
    },
    "packages/api": {
      "name": "@example/api",
      "version": "1.0.0",
      "dependencies": {
        "@example/db": "workspace:*",
        "@example/utils": "workspace:*",
      },
      "devDependencies": {
        "prettier": "^3.3.0",
      },
    },
    "packages/db": {
      "name": "@example/db",
      "version": "1.0.0",
      "dependencies": {
        "@example/utils": "workspace:*",
        "nanoid": "^5.0.0",
      },
    },
    "packages/utils": {
      "name": "@example/utils",
      "version": "1.0.0",
      "dependencies": {
        "is-plain-object": "^5.0.0",
      },
    },
  },
  "packages": {
    "@example/api": ["@example/api@workspace:packages/api"],

    "@example/db": ["@example/db@workspace:packages/db"],

    "@example/utils": ["@example/utils@workspace:packages/utils"],

    "is-plain-object": ["is-plain-object@5.0.0", "", {}, "sha512-VRSzKkbMm5jMDoKLbltAkFQ5Qr7VDiTFGXxYFXXowVj387GeGNOCsOH6Msy00SGZ3Fp84b1Naa1psqgcCIEP5Q=="],

    "nanoid": ["nanoid@5.1.11", "", { "bin": { "nanoid": "bin/nanoid.js" } }, "sha512-v+KEsUv2ps74PaSKv0gHTxTCgMXOIfBEbaqa6w6ISIGC7ZsvHN4N9oJ8d4cmf0n5oTzQz2SLmThbQWhjd/8eKg=="],

    "prettier": ["prettier@3.8.3", "", { "bin": { "prettier": "bin/prettier.cjs" } }, "sha512-7igPTM53cGHMW8xWuVTydi2KO233VFiTNyF5hLJqpilHfmn8C8gPf+PS7dUT64YcXFbiMGZxS9pCSxL/Dxm/Jw=="],
  }
}
