{
  "name": "example-npm-monorepo",
  "version": "0.0.0",
  "lockfileVersion": 3,
  "requires": true,
  "packages": {
    "": {
      "name": "example-npm-monorepo",
      "version": "0.0.0",
      "workspaces": [
        "packages/*"
      ]
    },
    "node_modules/@example/api": {
      "resolved": "packages/api",
      "link": true
    },
    "node_modules/@example/db": {
      "resolved": "packages/db",
      "link": true
    },
    "node_modules/@example/utils": {
      "resolved": "packages/utils",
      "link": true
    },
    "node_modules/is-plain-object": {
      "version": "5.0.0",
      "resolved": "https://registry.npmjs.org/is-plain-object/-/is-plain-object-5.0.0.tgz",
      "integrity": "sha512-VRSzKkbMm5jMDoKLbltAkFQ5Qr7VDiTFGXxYFXXowVj387GeGNOCsOH6Msy00SGZ3Fp84b1Naa1psqgcCIEP5Q==",
      "license": "MIT",
      "engines": {
        "node": ">=0.10.0"
      }
    },
    "node_modules/nanoid": {
      "version": "5.1.11",
      "resolved": "https://registry.npmjs.org/nanoid/-/nanoid-5.1.11.tgz",
      "integrity": "sha512-v+KEsUv2ps74PaSKv0gHTxTCgMXOIfBEbaqa6w6ISIGC7ZsvHN4N9oJ8d4cmf0n5oTzQz2SLmThbQWhjd/8eKg==",
      "funding": [
        {
          "type": "github",
          "url": "https://github.com/sponsors/ai"
        }
      ],
      "license": "MIT",
      "bin": {
        "nanoid": "bin/nanoid.js"
      },
      "engines": {
        "node": "^18 || >=20"
      }
    },
    "node_modules/prettier": {
      "version": "3.8.3",
      "resolved": "https://registry.npmjs.org/prettier/-/prettier-3.8.3.tgz",
      "integrity": "sha512-7igPTM53cGHMW8xWuVTydi2KO233VFiTNyF5hLJqpilHfmn8C8gPf+PS7dUT64YcXFbiMGZxS9pCSxL/Dxm/Jw==",
      "dev": true,
      "license": "MIT",
      "bin": {
        "prettier": "bin/prettier.cjs"
      },
      "engines": {
        "node": ">=14"
      },
      "funding": {
        "url": "https://github.com/prettier/prettier?sponsor=1"
      }
    },
    "packages/api": {
      "name": "@example/api",
      "version": "1.0.0",
      "dependencies": {
        "@example/db": "*",
        "@example/utils": "*"
      },
      "devDependencies": {
        "prettier": "^3.3.0"
      }
    },
    "packages/db": {
      "name": "@example/db",
      "version": "1.0.0",
      "dependencies": {
        "@example/utils": "*",
        "nanoid": "^5.0.0"
      }
    },
    "packages/utils": {
      "name": "@example/utils",
      "version": "1.0.0",
      "dependencies": {
        "is-plain-object": "^5.0.0"
      }
    }
  }
}
